
Microsoft Visual Studio Solution File, Format Version 12.00
# Visual Studio Version 16
VisualStudioVersion = 16.0.29509.3
MinimumVisualStudioVersion = 15.0.26124.0
Project("{6EC3EE1D-3C4E-46DD-8F32-0CC8E7565705}") = "day-six", "day-six.fsproj", "{69B0433D-BBFD-4BB1-BBE3-8E4490817B44}"
EndProject
Global
	GlobalSection(SolutionConfigurationPlatforms) = preSolution
		Debug|Any CPU = Debug|Any CPU
		Debug|x64 = Debug|x64
		Debug|x86 = Debug|x86
		Release|Any CPU = Release|Any CPU
		Release|x64 = Release|x64
		Release|x86 = Release|x86
	EndGlobalSection
	GlobalSection(ProjectConfigurationPlatforms) = postSolution
		{69B0433D-BBFD-4BB1-BBE3-8E4490817B44}.Debug|Any CPU.ActiveCfg = Debug|Any CPU
		{69B0433D-BBFD-4BB1-BBE3-8E4490817B44}.Debug|Any CPU.Build.0 = Debug|Any CPU
		{69B0433D-BBFD-4BB1-BBE3-8E4490817B44}.Debug|x64.ActiveCfg = Debug|Any CPU
		{69B0433D-BBFD-4BB1-BBE3-8E4490817B44}.Debug|x64.Build.0 = Debug|Any CPU
		{69B0433D-BBFD-4BB1-BBE3-8E4490817B44}.Debug|x86.ActiveCfg = Debug|Any CPU
		{69B0433D-BBFD-4BB1-BBE3-8E4490817B44}.Debug|x86.Build.0 = Debug|Any CPU
		{69B0433D-BBFD-4BB1-BBE3-8E4490817B44}.Release|Any CPU.ActiveCfg = Release|Any CPU
		{69B0433D-BBFD-4BB1-BBE3-8E4490817B44}.Release|Any CPU.Build.0 = Release|Any CPU
		{69B0433D-BBFD-4BB1-BBE3-8E4490817B44}.Release|x64.ActiveCfg = Release|Any CPU
		{69B0433D-BBFD-4BB1-BBE3-8E4490817B44}.Release|x64.Build.0 = Release|Any CPU
		{69B0433D-BBFD-4BB1-BBE3-8E4490817B44}.Release|x86.ActiveCfg = Release|Any CPU
		{69B0433D-BBFD-4BB1-BBE3-8E4490817B44}.Release|x86.Build.0 = Release|Any CPU
	EndGlobalSection
	GlobalSection(SolutionProperties) = preSolution
		HideSolutionNode = FALSE
	EndGlobalSection
	GlobalSection(ExtensibilityGlobals) = postSolution
		SolutionGuid = {0780A06A-89ED-489F-9497-DD67ADC185F3}
	EndGlobalSection
EndGlobal
